
Microsoft Visual Studio Solution File, Format Version 12.00
# Visual Studio Version 17
VisualStudioVersion = 17.7.34202.233
MinimumVisualStudioVersion = 10.0.40219.1
Project("{FAE04EC0-301F-11D3-BF4B-00C04F79EFBC}") = "csharp-inheritance-and-polymorphism", "csharp-inheritance-and-polymorphism\csharp-inheritance-and-polymorphism.csproj", "{650058AF-CF43-4424-A523-AFF3F6D15F97}"
EndProject
Global
	GlobalSection(SolutionConfigurationPlatforms) = preSolution
		Debug|Any CPU = Debug|Any CPU
		Release|Any CPU = Release|Any CPU
	EndGlobalSection
	GlobalSection(ProjectConfigurationPlatforms) = postSolution
		{650058AF-CF43-4424-A523-AFF3F6D15F97}.Debug|Any CPU.ActiveCfg = Debug|Any CPU
		{650058AF-CF43-4424-A523-AFF3F6D15F97}.Debug|Any CPU.Build.0 = Debug|Any CPU
		{650058AF-CF43-4424-A523-AFF3F6D15F97}.Release|Any CPU.ActiveCfg = Release|Any CPU
		{650058AF-CF43-4424-A523-AFF3F6D15F97}.Release|Any CPU.Build.0 = Release|Any CPU
	EndGlobalSection
	GlobalSection(SolutionProperties) = preSolution
		HideSolutionNode = FALSE
	EndGlobalSection
	GlobalSection(ExtensibilityGlobals) = postSolution
		SolutionGuid = {4F55F674-4B21-4078-97E6-8D90A63EB7BA}
	EndGlobalSection
EndGlobal
